
Microsoft Visual Studio Solution File, Format Version 12.00
# Visual Studio Version 16
VisualStudioVersion = 16.0.30804.86
MinimumVisualStudioVersion = 10.0.40219.1
Project("{FAE04EC0-301F-11D3-BF4B-00C04F79EFBC}") = "Domain", "Domain.csproj", "{1B922BB2-231D-47C1-8570-77FD043BE490}"
EndProject
Project("{FAE04EC0-301F-11D3-BF4B-00C04F79EFBC}") = "Infrastructure", "..\Infrastructure\Infrastructure.csproj", "{FB35ADF7-797E-4B41-9D18-1E72C40673A3}"
EndProject
Project("{FAE04EC0-301F-11D3-BF4B-00C04F79EFBC}") = "Application", "..\Application\Application.csproj", "{988F6075-46A0-4C16-ACDC-127DF6B50410}"
EndProject
Global
	GlobalSection(SolutionConfigurationPlatforms) = preSolution
		Debug|Any CPU = Debug|Any CPU
		Release|Any CPU = Release|Any CPU
	EndGlobalSection
	GlobalSection(ProjectConfigurationPlatforms) = postSolution
		{1B922BB2-231D-47C1-8570-77FD043BE490}.Debug|Any CPU.ActiveCfg = Debug|Any CPU
		{1B922BB2-231D-47C1-8570-77FD043BE490}.Debug|Any CPU.Build.0 = Debug|Any CPU
		{1B922BB2-231D-47C1-8570-77FD043BE490}.Release|Any CPU.ActiveCfg = Release|Any CPU
		{1B922BB2-231D-47C1-8570-77FD043BE490}.Release|Any CPU.Build.0 = Release|Any CPU
		{FB35ADF7-797E-4B41-9D18-1E72C40673A3}.Debug|Any CPU.ActiveCfg = Debug|Any CPU
		{FB35ADF7-797E-4B41-9D18-1E72C40673A3}.Debug|Any CPU.Build.0 = Debug|Any CPU
		{FB35ADF7-797E-4B41-9D18-1E72C40673A3}.Release|Any CPU.ActiveCfg = Release|Any CPU
		{FB35ADF7-797E-4B41-9D18-1E72C40673A3}.Release|Any CPU.Build.0 = Release|Any CPU
		{988F6075-46A0-4C16-ACDC-127DF6B50410}.Debug|Any CPU.ActiveCfg = Debug|Any CPU
		{988F6075-46A0-4C16-ACDC-127DF6B50410}.Debug|Any CPU.Build.0 = Debug|Any CPU
		{988F6075-46A0-4C16-ACDC-127DF6B50410}.Release|Any CPU.ActiveCfg = Release|Any CPU
		{988F6075-46A0-4C16-ACDC-127DF6B50410}.Release|Any CPU.Build.0 = Release|Any CPU
	EndGlobalSection
	GlobalSection(SolutionProperties) = preSolution
		HideSolutionNode = FALSE
	EndGlobalSection
	GlobalSection(ExtensibilityGlobals) = postSolution
		SolutionGuid = {D7D6462A-4665-4969-AF34-6EE707A77F6B}
	EndGlobalSection
EndGlobal
